
Microsoft Visual Studio Solution File, Format Version 12.00
# Visual Studio Version 17
VisualStudioVersion = 17.8.34525.116
MinimumVisualStudioVersion = 10.0.40219.1
Project("{FAE04EC0-301F-11D3-BF4B-00C04F79EFBC}") = "sqliteAPI", "sqliteAPI\sqliteAPI.csproj", "{C1A47E10-9884-4FF3-ABA3-6F5273D4B532}"
EndProject
Global
	GlobalSection(SolutionConfigurationPlatforms) = preSolution
		Debug|Any CPU = Debug|Any CPU
		Release|Any CPU = Release|Any CPU
	EndGlobalSection
	GlobalSection(ProjectConfigurationPlatforms) = postSolution
		{C1A47E10-9884-4FF3-ABA3-6F5273D4B532}.Debug|Any CPU.ActiveCfg = Debug|Any CPU
		{C1A47E10-9884-4FF3-ABA3-6F5273D4B532}.Debug|Any CPU.Build.0 = Debug|Any CPU
		{C1A47E10-9884-4FF3-ABA3-6F5273D4B532}.Release|Any CPU.ActiveCfg = Release|Any CPU
		{C1A47E10-9884-4FF3-ABA3-6F5273D4B532}.Release|Any CPU.Build.0 = Release|Any CPU
	EndGlobalSection
	GlobalSection(SolutionProperties) = preSolution
		HideSolutionNode = FALSE
	EndGlobalSection
	GlobalSection(ExtensibilityGlobals) = postSolution
		SolutionGuid = {B8A44DA3-35CE-48C5-938D-A0231E69C2DC}
	EndGlobalSection
EndGlobal
